{
    "name": "js",
    "lockfileVersion": 3,
    "requires": true,
    "packages": {
        "": {
            "dependencies": {
                "xrpl": "^4.0.0"
            }
        },
        "node_modules/@noble/curves": {
            "version": "1.4.0",
            "resolved": "https://registry.npmjs.org/@noble/curves/-/curves-1.4.0.tgz",
            "integrity": "sha512-p+4cb332SFCrReJkCYe8Xzm0OWi4Jji5jVdIZRL/PmacmDkFNw6MrrV+gGpiPxLHbV+zKFRywUWbaseT+tZRXg==",
            "dependencies": {
                "@noble/hashes": "1.4.0"
            },
            "funding": {
                "url": "https://paulmillr.com/funding/"
            }
        },
        "node_modules/@noble/hashes": {
            "version": "1.4.0",
            "resolved": "https://registry.npmjs.org/@noble/hashes/-/hashes-1.4.0.tgz",
            "integrity": "sha512-V1JJ1WTRUqHHrOSh597hURcMqVKVGL/ea3kv0gSnEdsEZ0/+VyPghM1lMNGc00z7CIQorSvbKpuJkxvuHbvdbg==",
            "engines": {
                "node": ">= 16"
            },
            "funding": {
                "url": "https://paulmillr.com/funding/"
            }
        },
        "node_modules/@scure/base": {
            "version": "1.1.6",
            "resolved": "https://registry.npmjs.org/@scure/base/-/base-1.1.6.tgz",
            "integrity": "sha512-ok9AWwhcgYuGG3Zfhyqg+zwl+Wn5uE+dwC0NV/2qQkx4dABbb/bx96vWu8NSj+BNjjSjno+JRYRjle1jV08k3g==",
            "funding": {
                "url": "https://paulmillr.com/funding/"
            }
        },
        "node_modules/@scure/bip32": {
            "version": "1.4.0",
            "resolved": "https://registry.npmjs.org/@scure/bip32/-/bip32-1.4.0.tgz",
            "integrity": "sha512-sVUpc0Vq3tXCkDGYVWGIZTRfnvu8LoTDaev7vbwh0omSvVORONr960MQWdKqJDCReIEmTj3PAr73O3aoxz7OPg==",
            "dependencies": {
                "@noble/curves": "~1.4.0",
                "@noble/hashes": "~1.4.0",
                "@scure/base": "~1.1.6"
            },
            "funding": {
                "url": "https://paulmillr.com/funding/"
            }
        },
        "node_modules/@scure/bip39": {
            "version": "1.3.0",
            "resolved": "https://registry.npmjs.org/@scure/bip39/-/bip39-1.3.0.tgz",
            "integrity": "sha512-disdg7gHuTDZtY+ZdkmLpPCk7fxZSu3gBiEGuoC1XYxv9cGx3Z6cpTggCgW6odSOOIXCiDjuGejW+aJKCY/pIQ==",
            "dependencies": {
                "@noble/hashes": "~1.4.0",
                "@scure/base": "~1.1.6"
            },
            "funding": {
                "url": "https://paulmillr.com/funding/"
            }
        },
        "node_modules/@xrplf/isomorphic": {
            "version": "1.0.2",
            "resolved": "https://registry.npmjs.org/@xrplf/isomorphic/-/isomorphic-1.0.2.tgz",
            "integrity": "sha512-ncZUdMXr6VlSXtdoiDi0jTH+gBrgGxwVeEidhoegII3PmyErbQsyj6e+j7acmR4LW/lvBkPkzb9QzRfJH0n3rA==",
            "license": "ISC",
            "dependencies": {
                "@noble/hashes": "^2.0.1",
                "eventemitter3": "5.0.1",
                "ws": "^8.20.0"
            },
            "engines": {
                "node": ">=18.0.0"
            }
        },
        "node_modules/@xrplf/isomorphic/node_modules/@noble/hashes": {
            "version": "2.2.0",
            "resolved": "https://registry.npmjs.org/@noble/hashes/-/hashes-2.2.0.tgz",
            "integrity": "sha512-IYqDGiTXab6FniAgnSdZwgWbomxpy9FtYvLKs7wCUs2a8RkITG+DFGO1DM9cr+E3/RgADRpFjrKVaJ1z6sjtEg==",
            "license": "MIT",
            "engines": {
                "node": ">= 20.19.0"
            },
            "funding": {
                "url": "https://paulmillr.com/funding/"
            }
        },
        "node_modules/@xrplf/isomorphic/node_modules/eventemitter3": {
            "version": "5.0.1",
            "resolved": "https://registry.npmjs.org/eventemitter3/-/eventemitter3-5.0.1.tgz",
            "integrity": "sha512-GWkBvjiSZK87ELrYOSESUYeVIc9mvLLf/nXalMOS5dYrgZq9o5OVkbZAVM06CVxYsCwH9BDZFPlQTlPA1j4ahA==",
            "license": "MIT"
        },
        "node_modules/@xrplf/secret-numbers": {
            "version": "2.0.0",
            "resolved": "https://registry.npmjs.org/@xrplf/secret-numbers/-/secret-numbers-2.0.0.tgz",
            "integrity": "sha512-z3AOibRTE9E8MbjgzxqMpG1RNaBhQ1jnfhNCa1cGf2reZUJzPMYs4TggQTc7j8+0WyV3cr7y/U8Oz99SXIkN5Q==",
            "license": "ISC",
            "dependencies": {
                "@xrplf/isomorphic": "^1.0.1",
                "ripple-keypairs": "^2.0.0"
            }
        },
        "node_modules/bignumber.js": {
            "version": "9.3.1",
            "resolved": "https://registry.npmjs.org/bignumber.js/-/bignumber.js-9.3.1.tgz",
            "integrity": "sha512-Ko0uX15oIUS7wJ3Rb30Fs6SkVbLmPBAKdlm7q9+ak9bbIeFf0MwuBsQV6z7+X768/cHsfg+WlysDWJcmthjsjQ==",
            "license": "MIT",
            "engines": {
                "node": "*"
            }
        },
        "node_modules/eventemitter3": {
            "version": "5.0.4",
            "resolved": "https://registry.npmjs.org/eventemitter3/-/eventemitter3-5.0.4.tgz",
            "integrity": "sha512-mlsTRyGaPBjPedk6Bvw+aqbsXDtoAyAzm5MO7JgU+yVRyMQ5O8bD4Kcci7BS85f93veegeCPkL8R4GLClnjLFw==",
            "license": "MIT"
        },
        "node_modules/fast-json-stable-stringify": {
            "version": "2.1.0",
            "resolved": "https://registry.npmjs.org/fast-json-stable-stringify/-/fast-json-stable-stringify-2.1.0.tgz",
            "integrity": "sha512-lhd/wF+Lk98HZoTCtlVraHtfh5XYijIjalXck7saUtuanSDyLMxnHhSXEDJqHxD7msR8D0uCmqlkwjCV8xvwHw==",
            "license": "MIT"
        },
        "node_modules/ripple-address-codec": {
            "version": "5.0.1",
            "resolved": "https://registry.npmjs.org/ripple-address-codec/-/ripple-address-codec-5.0.1.tgz",
            "integrity": "sha512-JQHLKuVJV8lv9Qobmn4aUM2Dpv9WRRLKnNWfM8tN02fAbUtG8mUPsu9q9UYX8P76G4qzytEc5ZKMp/3JggNYmw==",
            "license": "ISC",
            "dependencies": {
                "@scure/base": "^2.0.0",
                "@xrplf/isomorphic": "^1.0.2"
            },
            "engines": {
                "node": ">= 18"
            }
        },
        "node_modules/ripple-address-codec/node_modules/@scure/base": {
            "version": "2.2.0",
            "resolved": "https://registry.npmjs.org/@scure/base/-/base-2.2.0.tgz",
            "integrity": "sha512-b8XEupJibegiXV+tDUseI8oLQc8ei3d/4Jkb2RpbHh3MfE054ov3uIz2dhFkB3FI8iwYkEh0gGCApkrYggkPNg==",
            "license": "MIT",
            "funding": {
                "url": "https://paulmillr.com/funding/"
            }
        },
        "node_modules/ripple-binary-codec": {
            "version": "2.8.0",
            "resolved": "https://registry.npmjs.org/ripple-binary-codec/-/ripple-binary-codec-2.8.0.tgz",
            "integrity": "sha512-+NKnOi3hdzjm5dDpoZLUEaYon1jahPlSGnp3YrDoNMSR09ICEqgupN5wpEkPuqJvV75PF/g+W1QUwIXVzbEe7w==",
            "license": "ISC",
            "dependencies": {
                "@xrplf/isomorphic": "^1.0.2",
                "bignumber.js": "^10.0.2",
                "ripple-address-codec": "^5.0.1"
            },
            "engines": {
                "node": ">= 18"
            }
        },
        "node_modules/ripple-binary-codec/node_modules/bignumber.js": {
            "version": "10.0.2",
            "resolved": "https://registry.npmjs.org/bignumber.js/-/bignumber.js-10.0.2.tgz",
            "integrity": "sha512-E8Wp9O06QA6lneJ4aRUXKYf/1GIomqUEmUMwtIOMtDxf1U52ffJY+y7JBk/8wRafA8qOIqLnXQGqonYXZdBnFQ==",
            "license": "MIT"
        },
        "node_modules/ripple-keypairs": {
            "version": "2.0.0",
            "resolved": "https://registry.npmjs.org/ripple-keypairs/-/ripple-keypairs-2.0.0.tgz",
            "integrity": "sha512-b5rfL2EZiffmklqZk1W+dvSy97v3V/C7936WxCCgDynaGPp7GE6R2XO7EU9O2LlM/z95rj870IylYnOQs+1Rag==",
            "license": "ISC",
            "dependencies": {
                "@noble/curves": "^1.0.0",
                "@xrplf/isomorphic": "^1.0.0",
                "ripple-address-codec": "^5.0.0"
            },
            "engines": {
                "node": ">= 16"
            }
        },
        "node_modules/ws": {
            "version": "8.21.0",
            "resolved": "https://registry.npmjs.org/ws/-/ws-8.21.0.tgz",
            "integrity": "sha512-Vsp28b7DRcimFQvrqu2Wek3z1iYxDCWqHYB8Qsnk/S4RfaCQzPGPyBNuVjJV3cd6UiKtUtp6sNM77gWvzcCH+g==",
            "license": "MIT",
            "engines": {
                "node": ">=10.0.0"
            },
            "peerDependencies": {
                "bufferutil": "^4.0.1",
                "utf-8-validate": ">=5.0.2"
            },
            "peerDependenciesMeta": {
                "bufferutil": {
                    "optional": true
                },
                "utf-8-validate": {
                    "optional": true
                }
            }
        },
        "node_modules/xrpl": {
            "version": "4.6.0",
            "resolved": "https://registry.npmjs.org/xrpl/-/xrpl-4.6.0.tgz",
            "integrity": "sha512-0nXZfqDHRJ6bsDv1WtA9MdCYalMtXuxVa9mtLdqT3xypRKf2LwT5DbuGL/kHcVfuqk3B+ly+SFARlrnX+LHtRQ==",
            "license": "ISC",
            "dependencies": {
                "@scure/bip32": "^1.3.1",
                "@scure/bip39": "^1.2.1",
                "@xrplf/isomorphic": "^1.0.1",
                "@xrplf/secret-numbers": "^2.0.0",
                "bignumber.js": "^9.0.0",
                "eventemitter3": "^5.0.1",
                "fast-json-stable-stringify": "^2.1.0",
                "ripple-address-codec": "^5.0.0",
                "ripple-binary-codec": "^2.7.0",
                "ripple-keypairs": "^2.0.0"
            },
            "engines": {
                "node": ">=18.0.0"
            }
        }
    }
}
