# THIS IS AN AUTOGENERATED FILE. DO NOT EDIT THIS FILE DIRECTLY.
# yarn lockfile v1


"@noble/curves@^1.0.0", "@noble/curves@~1.4.0":
  version "1.4.0"
  resolved "https://registry.yarnpkg.com/@noble/curves/-/curves-1.4.0.tgz#f05771ef64da724997f69ee1261b2417a49522d6"
  integrity sha512-p+4cb332SFCrReJkCYe8Xzm0OWi4Jji5jVdIZRL/PmacmDkFNw6MrrV+gGpiPxLHbV+zKFRywUWbaseT+tZRXg==
  dependencies:
    "@noble/hashes" "1.4.0"

"@noble/hashes@1.4.0", "@noble/hashes@^1.0.0", "@noble/hashes@~1.4.0":
  version "1.4.0"
  resolved "https://registry.yarnpkg.com/@noble/hashes/-/hashes-1.4.0.tgz#45814aa329f30e4fe0ba49426f49dfccdd066426"
  integrity sha512-V1JJ1WTRUqHHrOSh597hURcMqVKVGL/ea3kv0gSnEdsEZ0/+VyPghM1lMNGc00z7CIQorSvbKpuJkxvuHbvdbg==

"@scure/base@^1.1.3", "@scure/base@~1.1.6":
  version "1.1.7"
  resolved "https://registry.yarnpkg.com/@scure/base/-/base-1.1.7.tgz#fe973311a5c6267846aa131bc72e96c5d40d2b30"
  integrity sha512-PPNYBslrLNNUQ/Yad37MHYsNQtK67EhWb6WtSvNLLPo7SdVZgkUjD6Dg+5On7zNwmskf8OX7I7Nx5oN+MIWE0g==

"@scure/bip32@^1.3.1":
  version "1.4.0"
  resolved "https://registry.yarnpkg.com/@scure/bip32/-/bip32-1.4.0.tgz#4e1f1e196abedcef395b33b9674a042524e20d67"
  integrity sha512-sVUpc0Vq3tXCkDGYVWGIZTRfnvu8LoTDaev7vbwh0omSvVORONr960MQWdKqJDCReIEmTj3PAr73O3aoxz7OPg==
  dependencies:
    "@noble/curves" "~1.4.0"
    "@noble/hashes" "~1.4.0"
    "@scure/base" "~1.1.6"

"@scure/bip39@^1.2.1":
  version "1.3.0"
  resolved "https://registry.yarnpkg.com/@scure/bip39/-/bip39-1.3.0.tgz#0f258c16823ddd00739461ac31398b4e7d6a18c3"
  integrity sha512-disdg7gHuTDZtY+ZdkmLpPCk7fxZSu3gBiEGuoC1XYxv9cGx3Z6cpTggCgW6odSOOIXCiDjuGejW+aJKCY/pIQ==
  dependencies:
    "@noble/hashes" "~1.4.0"
    "@scure/base" "~1.1.6"

"@xrplf/isomorphic@^1.0.0", "@xrplf/isomorphic@^1.0.1":
  version "1.0.1"
  resolved "https://registry.yarnpkg.com/@xrplf/isomorphic/-/isomorphic-1.0.1.tgz#d7676e0ec0e55a39f37ddc1f3cc30eeab52e0739"
  integrity sha512-0bIpgx8PDjYdrLFeC3csF305QQ1L7sxaWnL5y71mCvhenZzJgku9QsA+9QCXBC1eNYtxWO/xR91zrXJy2T/ixg==
  dependencies:
    "@noble/hashes" "^1.0.0"
    eventemitter3 "5.0.1"
    ws "^8.13.0"

"@xrplf/secret-numbers@^1.0.0":
  version "1.0.0"
  resolved "https://registry.yarnpkg.com/@xrplf/secret-numbers/-/secret-numbers-1.0.0.tgz#cc19ff84236cc2737b38f2e42a29924f2b8ffc0e"
  integrity sha512-qsCLGyqe1zaq9j7PZJopK+iGTGRbk6akkg6iZXJJgxKwck0C5x5Gnwlb1HKYGOwPKyrXWpV6a2YmcpNpUFctGg==
  dependencies:
    "@xrplf/isomorphic" "^1.0.0"
    ripple-keypairs "^2.0.0"

bignumber.js@^9.0.0:
  version "9.0.2"
  resolved "https://registry.yarnpkg.com/bignumber.js/-/bignumber.js-9.0.2.tgz#71c6c6bed38de64e24a65ebe16cfcf23ae693673"
  integrity sha512-GAcQvbpsM0pUb0zw1EI0KhQEZ+lRwR5fYaAp3vPOYuP7aDvGy6cVN6XHLauvF8SOga2y0dcLcjt3iQDTSEliyw==

cross-fetch@^4.0.0:
  version "4.0.0"
  resolved "https://registry.yarnpkg.com/cross-fetch/-/cross-fetch-4.0.0.tgz#f037aef1580bb3a1a35164ea2a848ba81b445983"
  integrity sha512-e4a5N8lVvuLgAWgnCrLr2PP0YyDOTHa9H/Rj54dirp61qXnNq46m82bRhNqIA5VccJtWBvPTFRV3TtvHUKPB1g==
  dependencies:
    node-fetch "^2.6.12"

eventemitter3@5.0.1, eventemitter3@^5.0.1:
  version "5.0.1"
  resolved "https://registry.yarnpkg.com/eventemitter3/-/eventemitter3-5.0.1.tgz#53f5ffd0a492ac800721bb42c66b841de96423c4"
  integrity sha512-GWkBvjiSZK87ELrYOSESUYeVIc9mvLLf/nXalMOS5dYrgZq9o5OVkbZAVM06CVxYsCwH9BDZFPlQTlPA1j4ahA==

node-fetch@^2.6.12:
  version "2.7.0"
  resolved "https://registry.yarnpkg.com/node-fetch/-/node-fetch-2.7.0.tgz#d0f0fa6e3e2dc1d27efcd8ad99d550bda94d187d"
  integrity sha512-c4FRfUm/dbcWZ7U+1Wq0AwCyFL+3nt2bEw05wfxSz+DWpWsitgmSgYmy2dQdWyKC1694ELPqMs/YzUSNozLt8A==
  dependencies:
    whatwg-url "^5.0.0"

ripple-address-codec@^5.0.0:
  version "5.0.0"
  resolved "https://registry.yarnpkg.com/ripple-address-codec/-/ripple-address-codec-5.0.0.tgz#97059f7bba6f9ed7a52843de8aa427723fb529f6"
  integrity sha512-de7osLRH/pt5HX2xw2TRJtbdLLWHu0RXirpQaEeCnWKY5DYHykh3ETSkofvm0aX0LJiV7kwkegJxQkmbO94gWw==
  dependencies:
    "@scure/base" "^1.1.3"
    "@xrplf/isomorphic" "^1.0.0"

ripple-binary-codec@^2.1.0:
  version "2.1.0"
  resolved "https://registry.yarnpkg.com/ripple-binary-codec/-/ripple-binary-codec-2.1.0.tgz#f1ef81f8d1f05a6cecc06fc6d9b13456569cafda"
  integrity sha512-q0GAx+hj3UVcDbhXVjk7qeNfgUMehlElYJwiCuIBwqs/51GVTOwLr39Ht3eNsX5ow2xPRaC5mqHwcFDvLRm6cA==
  dependencies:
    "@xrplf/isomorphic" "^1.0.1"
    bignumber.js "^9.0.0"
    ripple-address-codec "^5.0.0"

ripple-keypairs@^2.0.0:
  version "2.0.0"
  resolved "https://registry.yarnpkg.com/ripple-keypairs/-/ripple-keypairs-2.0.0.tgz#4a1a8142e9a58c07e61b3cc6cfe7317db718d289"
  integrity sha512-b5rfL2EZiffmklqZk1W+dvSy97v3V/C7936WxCCgDynaGPp7GE6R2XO7EU9O2LlM/z95rj870IylYnOQs+1Rag==
  dependencies:
    "@noble/curves" "^1.0.0"
    "@xrplf/isomorphic" "^1.0.0"
    ripple-address-codec "^5.0.0"

tr46@~0.0.3:
  version "0.0.3"
  resolved "https://registry.yarnpkg.com/tr46/-/tr46-0.0.3.tgz#8184fd347dac9cdc185992f3a6622e14b9d9ab6a"
  integrity sha512-N3WMsuqV66lT30CrXNbEjx4GEwlow3v6rr4mCcv6prnfwhS01rkgyFdjPNBYd9br7LpXV1+Emh01fHnq2Gdgrw==

webidl-conversions@^3.0.0:
  version "3.0.1"
  resolved "https://registry.yarnpkg.com/webidl-conversions/-/webidl-conversions-3.0.1.tgz#24534275e2a7bc6be7bc86611cc16ae0a5654871"
  integrity sha512-2JAn3z8AR6rjK8Sm8orRC0h/bcl/DqL7tRPdGZ4I1CjdF+EaMLmYxBHyXuKL849eucPFhvBoxMsflfOb8kxaeQ==

whatwg-url@^5.0.0:
  version "5.0.0"
  resolved "https://registry.yarnpkg.com/whatwg-url/-/whatwg-url-5.0.0.tgz#966454e8765462e37644d3626f6742ce8b70965d"
  integrity sha512-saE57nupxk6v3HY35+jzBwYa0rKSy0XR8JSxZPwgLr7ys0IBzhGviA1/TUGJLmSVqs8pb9AnvICXEuOHLprYTw==
  dependencies:
    tr46 "~0.0.3"
    webidl-conversions "^3.0.0"

ws@^8.13.0:
  version "8.17.1"
  resolved "https://registry.yarnpkg.com/ws/-/ws-8.17.1.tgz#9293da530bb548febc95371d90f9c878727d919b"
  integrity sha512-6XQFvXTkbfUOZOKKILFG1PDK2NDQs4azKQl26T0YS5CxqWLgXajbPZ+h4gZekJyRqFU8pvnbAbbs/3TgRPy+GQ==

xrpl@^3.0.0:
  version "3.1.0"
  resolved "https://registry.yarnpkg.com/xrpl/-/xrpl-3.1.0.tgz#be1f979279a6a57723135ab4eef2b1e58dd49f7c"
  integrity sha512-+97WiaF/AQTT6fXgD9Z5xyYbtlML0USCWrZFYjrC57yqtlWluacwwbMZa/I6ByVIKqCqVXJwRuRl20IQGlVGlg==
  dependencies:
    "@scure/bip32" "^1.3.1"
    "@scure/bip39" "^1.2.1"
    "@xrplf/isomorphic" "^1.0.1"
    "@xrplf/secret-numbers" "^1.0.0"
    bignumber.js "^9.0.0"
    cross-fetch "^4.0.0"
    eventemitter3 "^5.0.1"
    ripple-address-codec "^5.0.0"
    ripple-binary-codec "^2.1.0"
    ripple-keypairs "^2.0.0"
