github.com/FactomProject/basen v0.0.0-20150613233007-fe3947df716e h1:ahyvB3q25YnZWly5Gq1ekg6jcmWaGj/vG/MhF4aisoc=
github.com/FactomProject/basen v0.0.0-20150613233007-fe3947df716e/go.mod h1:kGUqhHd//musdITWjFvNTHn90WG9bMLBEPQZ17Cmlpw=
github.com/FactomProject/btcutilecc v0.0.0-20130527213604-d3a63a5752ec h1:1Qb69mGp/UtRPn422BH4/Y4Q3SLUrD9KHuDkm8iodFc=
github.com/FactomProject/btcutilecc v0.0.0-20130527213604-d3a63a5752ec/go.mod h1:CD8UlnlLDiqb36L110uqiP2iSflVjx9g/3U9hCI4q2U=
github.com/Peersyst/xrpl-go v0.1.11 h1:P6r/gHxRnbAtAdPmzNHz/7zpsdfvwh0SS+QI2JNT44w=
github.com/Peersyst/xrpl-go v0.1.11/go.mod h1:CBRM3/soqNeeL2Jx6USVUtECqulZVUoq3UxZKMz9hdw=
github.com/btcsuite/btcd/btcec/v2 v2.3.4 h1:3EJjcN70HCu/mwqlUsGK8GcNVyLVxFDlWurTXGPFfiQ=
github.com/btcsuite/btcd/btcec/v2 v2.3.4/go.mod h1:zYzJ8etWJQIv1Ogk7OzpWjowwOdXY1W/17j2MW85J04=
github.com/cmars/basen v0.0.0-20150613233007-fe3947df716e h1:0XBUw73chJ1VYSsfvcPvVT7auykAJce9FpRr10L6Qhw=
github.com/cmars/basen v0.0.0-20150613233007-fe3947df716e/go.mod h1:P13beTBKr5Q18lJe1rIoLUqjM+CB1zYrRg44ZqGuQSA=
github.com/davecgh/go-spew v1.1.0/go.mod h1:J7Y8YcW2NihsgmVo/mv3lAwl/skON4iLHjSsI+c5H38=
github.com/davecgh/go-spew v1.1.1 h1:vj9j/u1bqnvCEfJOwUhtlOARqs3+rkHYY13jYWTU97c=
github.com/davecgh/go-spew v1.1.1/go.mod h1:J7Y8YcW2NihsgmVo/mv3lAwl/skON4iLHjSsI+c5H38=
github.com/decred/dcrd/crypto/blake256 v1.0.1 h1:7PltbUIQB7u/FfZ39+DGa/ShuMyJ5ilcvdfma9wOH6Y=
github.com/decred/dcrd/crypto/blake256 v1.0.1/go.mod h1:2OfgNZ5wDpcsFmHmCK5gZTPcCXqlm2ArzUIkw9czNJo=
github.com/decred/dcrd/crypto/ripemd160 v1.0.2 h1:TvGTmUBHDU75OHro9ojPLK+Yv7gDl2hnUvRocRCjsys=
github.com/decred/dcrd/crypto/ripemd160 v1.0.2/go.mod h1:uGfjDyePSpa75cSQLzNdVmWlbQMBuiJkvXw/MNKRY4M=
github.com/decred/dcrd/dcrec/secp256k1/v4 v4.3.0 h1:rpfIENRNNilwHwZeG5+P150SMrnNEcHYvcCuK6dPZSg=
github.com/decred/dcrd/dcrec/secp256k1/v4 v4.3.0/go.mod h1:v57UDF4pDQJcEfFUCRop3lJL149eHGSe9Jvczhzjo/0=
github.com/golang/mock v1.6.0 h1:ErTB+efbowRARo13NNdxyJji2egdxLGQhRaY+DUumQc=
github.com/golang/mock v1.6.0/go.mod h1:p6yTPP+5HYm5mzsMV8JkE6ZKdX+/wYM6Hr+LicevLPs=
github.com/pmezard/go-difflib v1.0.0 h1:4DBwDE0NGyQoBHbLQYPwSUPoCMWR5BEzIk/f1lZbAQM=
github.com/pmezard/go-difflib v1.0.0/go.mod h1:iKH77koFhYxTK1pcRnkKkqfTogsbg7gZNVY4sRDYZ/4=
github.com/stretchr/testify v1.1.5-0.20170601210322-f6abca593680/go.mod h1:a8OnRcib4nhh0OaRAV+Yts87kKdq0PP7pXfy6kDkUVs=
github.com/stretchr/testify v1.8.4 h1:CcVxjf3Q8PM0mHUKJCdn+eZZtm5yQwehR5yeSVQQcUk=
github.com/stretchr/testify v1.8.4/go.mod h1:sz/lmYIOXD/1dqDmKjjqLyZ2RngseejIcXlSw2iwfAo=
github.com/tyler-smith/go-bip32 v1.0.0 h1:sDR9juArbUgX+bO/iblgZnMPeWY1KZMUC2AFUJdv5KE=
github.com/tyler-smith/go-bip32 v1.0.0/go.mod h1:onot+eHknzV4BVPwrzqY5OoVpyCvnwD7lMawL5aQupE=
github.com/tyler-smith/go-bip39 v1.1.0 h1:5eUemwrMargf3BSLRRCalXT93Ns6pQJIjYQN2nyfOP8=
github.com/tyler-smith/go-bip39 v1.1.0/go.mod h1:gUYDtqQw1JS3ZJ8UWVcGTGqqr6YIN3CWg+kkNaLt55U=
github.com/ugorji/go/codec v1.2.11 h1:BMaWp1Bb6fHwEtbplGBGJ498wD+LKlNSl25MjdZY4dU=
github.com/ugorji/go/codec v1.2.11/go.mod h1:UNopzCgEMSXjBc6AOMqYvWC1ktqTAfzJZUZgYf6w6lg=
golang.org/x/crypto v0.0.0-20170613210332-850760c427c5/go.mod h1:6SG95UA2DQfeDnfUPMdvaQW0Q7yPrPDi9nlGo2tz2b4=
golang.org/x/crypto v0.0.0-20190308221718-c2843e01d9a2/go.mod h1:djNgcEr1/C05ACkg1iLfiJU5Ep61QUkGW8qpdssI0+w=
golang.org/x/crypto v0.0.0-20200622213623-75b288015ac9/go.mod h1:LzIPMQfyMNhhGPhUkYOs5KpL4U8rLKemX1yGLhDgUto=
golang.org/x/crypto v0.35.0 h1:b15kiHdrGCHrP6LvwaQ3c03kgNhhiMgvlhxHQhmg2Xs=
golang.org/x/crypto v0.35.0/go.mod h1:dy7dXNW32cAb/6/PRuTNsix8T+vJAqvuIy5Bli/x0YQ=
golang.org/x/net v0.0.0-20190404232315-eb5bcb51f2a3/go.mod h1:t9HGtf8HONx5eT2rtn7q6eTqICYqUVnKs3thJo3Qplg=
golang.org/x/sys v0.0.0-20190215142949-d0b11bdaac8a/go.mod h1:STP8DvDyc/dI5b8T5hshtkjS+E42TnysNCUPdjciGhY=
golang.org/x/sys v0.0.0-20190412213103-97732733099d/go.mod h1:h1NjWce9XRLGQEsW7wpKNCjG9DtNlClVuFLEZdDNbEs=
golang.org/x/text v0.3.0/go.mod h1:NqM8EUOU14njkJ3fqMW+pc6Ldnwhi/IjpwHt7yyuwOQ=
gopkg.in/yaml.v3 v3.0.1 h1:fxVm/GzAzEWqLHuvctI91KS9hhNmmWOoWu0XTYJS7CA=
gopkg.in/yaml.v3 v3.0.1/go.mod h1:K4uyk7z7BCEPqu6E+C64Yfv1cQ7kz7rIZviUmN+EgEM=
launchpad.net/gocheck v0.0.0-20140225173054-000000000087 h1:Izowp2XBH6Ya6rv+hqbceQyw/gSGoXfH/UPoTGduL54=
launchpad.net/gocheck v0.0.0-20140225173054-000000000087/go.mod h1:hj7XX3B/0A+80Vse0e+BUHsHMTEhd0O4cpUHr/e/BUM=
